
Microsoft Visual Studio Solution File, Format Version 12.00
# Visual Studio Version 16
VisualStudioVersion = 16.0.30114.105
MinimumVisualStudioVersion = 10.0.40219.1
Project("{FAE04EC0-301F-11D3-BF4B-00C04F79EFBC}") = "Ejercicio1", "Ejercicio1\Ejercicio1.csproj", "{BDA93582-DA31-46AD-A1C5-8181DBADBA11}"
EndProject
Project("{FAE04EC0-301F-11D3-BF4B-00C04F79EFBC}") = "Ejercicio2", "Ejercicio2\Ejercicio2.csproj", "{4BBF0418-B9E0-4FD1-827B-7DC9973CA2CA}"
EndProject
Project("{FAE04EC0-301F-11D3-BF4B-00C04F79EFBC}") = "Ejercicio3", "Ejercicio3\Ejercicio3.csproj", "{5A5064BB-69D8-46C9-B691-FB986B7FA1C6}"
EndProject
Global
	GlobalSection(SolutionConfigurationPlatforms) = preSolution
		Debug|Any CPU = Debug|Any CPU
		Release|Any CPU = Release|Any CPU
	EndGlobalSection
	GlobalSection(ProjectConfigurationPlatforms) = postSolution
		{BDA93582-DA31-46AD-A1C5-8181DBADBA11}.Debug|Any CPU.ActiveCfg = Debug|Any CPU
		{BDA93582-DA31-46AD-A1C5-8181DBADBA11}.Debug|Any CPU.Build.0 = Debug|Any CPU
		{BDA93582-DA31-46AD-A1C5-8181DBADBA11}.Release|Any CPU.ActiveCfg = Release|Any CPU
		{BDA93582-DA31-46AD-A1C5-8181DBADBA11}.Release|Any CPU.Build.0 = Release|Any CPU
		{4BBF0418-B9E0-4FD1-827B-7DC9973CA2CA}.Debug|Any CPU.ActiveCfg = Debug|Any CPU
		{4BBF0418-B9E0-4FD1-827B-7DC9973CA2CA}.Debug|Any CPU.Build.0 = Debug|Any CPU
		{4BBF0418-B9E0-4FD1-827B-7DC9973CA2CA}.Release|Any CPU.ActiveCfg = Release|Any CPU
		{4BBF0418-B9E0-4FD1-827B-7DC9973CA2CA}.Release|Any CPU.Build.0 = Release|Any CPU
		{5A5064BB-69D8-46C9-B691-FB986B7FA1C6}.Debug|Any CPU.ActiveCfg = Debug|Any CPU
		{5A5064BB-69D8-46C9-B691-FB986B7FA1C6}.Debug|Any CPU.Build.0 = Debug|Any CPU
		{5A5064BB-69D8-46C9-B691-FB986B7FA1C6}.Release|Any CPU.ActiveCfg = Release|Any CPU
		{5A5064BB-69D8-46C9-B691-FB986B7FA1C6}.Release|Any CPU.Build.0 = Release|Any CPU
	EndGlobalSection
	GlobalSection(SolutionProperties) = preSolution
		HideSolutionNode = FALSE
	EndGlobalSection
	GlobalSection(ExtensibilityGlobals) = postSolution
		SolutionGuid = {E2E8A9EB-2042-4880-8899-DFE448D581A2}
	EndGlobalSection
EndGlobal
